{
    "hash": "3d53e57318bca475b92a0cc3764069d3",
    "packages": [
        {
            "name": "pyrocms/lex",
            "version": "2.2.0",
            "source": {
                "type": "git",
                "url": "https://github.com/pyrocms/lex.git",
                "reference": "2.2.0"
            },
            "dist": {
                "type": "zip",
                "url": "https://github.com/pyrocms/lex/archive/2.2.0.zip",
                "reference": "2.2.0",
                "shasum": ""
            },
            "require": {
                "php": ">=5.3.0"
            },
            "replace": {
                "fuel/lex": "*"
            },
            "require-dev": {
                "phpunit/phpunit": "3.7.*"
            },
            "time": "2012-12-06 16:47:04",
            "type": "library",
            "installation-source": "dist",
            "autoload": {
                "psr-0": {
                    "Lex": "lib/"
                }
            },
            "license": [
                "MIT"
            ],
            "authors": [
                {
                    "name": "Dan Horrigan",
                    "email": "dan@dhorrigan.com",
                    "homepage": "http://dhorrigan.com",
                    "role": "Lead Developer"
                }
            ],
            "description": "A lightweight template parser.",
            "keywords": [
                "template",
                "parser"
            ]
        },
        {
            "name": "symfony/finder",
            "version": "v2.0.16",
            "target-dir": "Symfony/Component/Finder",
            "source": {
                "type": "git",
                "url": "https://github.com/symfony/Finder",
                "reference": "v2.0.16"
            },
            "dist": {
                "type": "zip",
                "url": "https://github.com/symfony/Finder/zipball/v2.0.16",
                "reference": "v2.0.16",
                "shasum": ""
            },
            "require": {
                "php": ">=5.3.3"
            },
            "time": "2012-07-02 00:05:19",
            "type": "library",
            "extra": {
                "branch-alias": {
                    "dev-master": "2.1-dev"
                }
            },
            "installation-source": "dist",
            "autoload": {
                "psr-0": {
                    "Symfony\\Component\\Finder": ""
                }
            },
            "notification-url": "https://packagist.org/downloads/",
            "license": [
                "MIT"
            ],
            "authors": [
                {
                    "name": "Fabien Potencier",
                    "email": "fabien@symfony.com"
                },
                {
                    "name": "Symfony Community",
                    "homepage": "http://symfony.com/contributors"
                }
            ],
            "description": "Symfony Finder Component",
            "homepage": "http://symfony.com"
        }
    ],
    "packages-dev": null,
    "aliases": [

    ],
    "minimum-stability": "dev",
    "stability-flags": [

    ]
}
